<?xml version="1.0" encoding="utf-8"?>
<Project ToolsVersion="17.0" xmlns="http://schemas.microsoft.com/developer/msbuild/2003">
  <ItemGroup>
    <ClCompile Include="library.cpp">
      <Filter>Source Files</Filter>
    </ClCompile>
    <ClCompile Include="GenerateSmoothingGroups.cpp">
      <Filter>Source Files</Filter>
    </ClCompile>
    <ClCompile Include="JsonDeserializer.cpp">
      <Filter>Source Files</Filter>
    </ClCompile>
    <ClCompile Include="FbxDataConverter.cpp">
      <Filter>Source Files</Filter>
    </ClCompile>
    <ClCompile Include="Test.cpp" />
  </ItemGroup>
  <ItemGroup>
    <Filter Include="Source Files">
      <UniqueIdentifier>{DD8C439D-0A1A-3023-9DAA-364AAB1F0E6C}</UniqueIdentifier>
    </Filter>
  </ItemGroup>
  <ItemGroup>
    <ClInclude Include="UEStructs.h" />
    <ClInclude Include="library.h" />
    <ClInclude Include="SKMStructs.h" />
    <ClInclude Include="SKStructs.h" />
    <ClInclude Include="SMStructs.h" />
    <ClInclude Include="JsonDeserializer.h" />
    <ClInclude Include="GenerateSmoothingGroups.h" />
    <ClInclude Include="FbxDataConverter.h" />
    <ClInclude Include="AnimSequenceStructs.h" />
  </ItemGroup>
  <ItemGroup>
    <None Include="Debug\FBX_Wrapper.dll" />
    <None Include="Debug\FBX_Wrapper.exp" />
    <None Include="Debug\FBX_Wrapper.pdb" />
  </ItemGroup>
</Project>